
Microsoft Visual Studio Solution File, Format Version 12.00
# Visual Studio 15
VisualStudioVersion = 15.0.27004.2010
MinimumVisualStudioVersion = 10.0.40219.1
Project("{FAE04EC0-301F-11D3-BF4B-00C04F79EFBC}") = "EFLibOneToOne", "EF-lib\EFLibOneToOne.csproj", "{AFD3F4E2-2B64-4A79-ABCF-6C98BDC15696}"
EndProject
Project("{FAE04EC0-301F-11D3-BF4B-00C04F79EFBC}") = "EFLibOneToMany", "EFLibOneToMany\EFLibOneToMany.csproj", "{B20D76F0-5400-4D97-B754-A8ACCB64AF94}"
EndProject
Project("{FAE04EC0-301F-11D3-BF4B-00C04F79EFBC}") = "EFLibManyToMany", "EFLibManyToMany\EFLibManyToMany.csproj", "{84207947-5F74-4CA3-B626-231503AE1054}"
EndProject
Global
	GlobalSection(SolutionConfigurationPlatforms) = preSolution
		Debug|Any CPU = Debug|Any CPU
		Release|Any CPU = Release|Any CPU
	EndGlobalSection
	GlobalSection(ProjectConfigurationPlatforms) = postSolution
		{AFD3F4E2-2B64-4A79-ABCF-6C98BDC15696}.Debug|Any CPU.ActiveCfg = Debug|Any CPU
		{AFD3F4E2-2B64-4A79-ABCF-6C98BDC15696}.Debug|Any CPU.Build.0 = Debug|Any CPU
		{AFD3F4E2-2B64-4A79-ABCF-6C98BDC15696}.Release|Any CPU.ActiveCfg = Release|Any CPU
		{AFD3F4E2-2B64-4A79-ABCF-6C98BDC15696}.Release|Any CPU.Build.0 = Release|Any CPU
		{B20D76F0-5400-4D97-B754-A8ACCB64AF94}.Debug|Any CPU.ActiveCfg = Debug|Any CPU
		{B20D76F0-5400-4D97-B754-A8ACCB64AF94}.Debug|Any CPU.Build.0 = Debug|Any CPU
		{B20D76F0-5400-4D97-B754-A8ACCB64AF94}.Release|Any CPU.ActiveCfg = Release|Any CPU
		{B20D76F0-5400-4D97-B754-A8ACCB64AF94}.Release|Any CPU.Build.0 = Release|Any CPU
		{84207947-5F74-4CA3-B626-231503AE1054}.Debug|Any CPU.ActiveCfg = Debug|Any CPU
		{84207947-5F74-4CA3-B626-231503AE1054}.Debug|Any CPU.Build.0 = Debug|Any CPU
		{84207947-5F74-4CA3-B626-231503AE1054}.Release|Any CPU.ActiveCfg = Release|Any CPU
		{84207947-5F74-4CA3-B626-231503AE1054}.Release|Any CPU.Build.0 = Release|Any CPU
	EndGlobalSection
	GlobalSection(SolutionProperties) = preSolution
		HideSolutionNode = FALSE
	EndGlobalSection
	GlobalSection(ExtensibilityGlobals) = postSolution
		SolutionGuid = {414EF2C8-5B4B-44F2-9F43-FA1264B13D3E}
	EndGlobalSection
EndGlobal
